
Microsoft Visual Studio Solution File, Format Version 12.00
# Visual Studio 15
VisualStudioVersion = 15.0.28307.902
MinimumVisualStudioVersion = 10.0.40219.1
Project("{FAE04EC0-301F-11D3-BF4B-00C04F79EFBC}") = "TestEmguCVDnn", "TestEmguCVDnn\TestEmguCVDnn.csproj", "{98700559-B457-4AAA-8E9B-D3B6E4C38E05}"
EndProject
Global
	GlobalSection(SolutionConfigurationPlatforms) = preSolution
		Debug|Any CPU = Debug|Any CPU
		Release|Any CPU = Release|Any CPU
	EndGlobalSection
	GlobalSection(ProjectConfigurationPlatforms) = postSolution
		{98700559-B457-4AAA-8E9B-D3B6E4C38E05}.Debug|Any CPU.ActiveCfg = Debug|Any CPU
		{98700559-B457-4AAA-8E9B-D3B6E4C38E05}.Debug|Any CPU.Build.0 = Debug|Any CPU
		{98700559-B457-4AAA-8E9B-D3B6E4C38E05}.Release|Any CPU.ActiveCfg = Release|Any CPU
		{98700559-B457-4AAA-8E9B-D3B6E4C38E05}.Release|Any CPU.Build.0 = Release|Any CPU
	EndGlobalSection
	GlobalSection(SolutionProperties) = preSolution
		HideSolutionNode = FALSE
	EndGlobalSection
	GlobalSection(ExtensibilityGlobals) = postSolution
		SolutionGuid = {0F799335-EFF1-46E5-986A-D97E26922ECF}
	EndGlobalSection
EndGlobal
